
Microsoft Visual Studio Solution File, Format Version 12.00
# Visual Studio Version 17
VisualStudioVersion = 17.9.34723.18
MinimumVisualStudioVersion = 10.0.40219.1
Project("{FAE04EC0-301F-11D3-BF4B-00C04F79EFBC}") = "WebAPI", "WebAPI\WebAPI.csproj", "{421C38CC-0509-4C08-8829-CAE60F1AABE2}"
EndProject
Global
	GlobalSection(SolutionConfigurationPlatforms) = preSolution
		Debug|Any CPU = Debug|Any CPU
		Release|Any CPU = Release|Any CPU
	EndGlobalSection
	GlobalSection(ProjectConfigurationPlatforms) = postSolution
		{421C38CC-0509-4C08-8829-CAE60F1AABE2}.Debug|Any CPU.ActiveCfg = Debug|Any CPU
		{421C38CC-0509-4C08-8829-CAE60F1AABE2}.Debug|Any CPU.Build.0 = Debug|Any CPU
		{421C38CC-0509-4C08-8829-CAE60F1AABE2}.Release|Any CPU.ActiveCfg = Release|Any CPU
		{421C38CC-0509-4C08-8829-CAE60F1AABE2}.Release|Any CPU.Build.0 = Release|Any CPU
	EndGlobalSection
	GlobalSection(SolutionProperties) = preSolution
		HideSolutionNode = FALSE
	EndGlobalSection
	GlobalSection(ExtensibilityGlobals) = postSolution
		SolutionGuid = {58E6C960-6B03-4916-B4EA-DF4F06A6E7A1}
	EndGlobalSection
EndGlobal
